
Microsoft Visual Studio Solution File, Format Version 12.00
# Visual Studio 15
VisualStudioVersion = 15.0.28307.1972
MinimumVisualStudioVersion = 10.0.40219.1
Project("{8BC9CEB8-8B4A-11D0-8D11-00A0C91BC942}") = "laba4-part2", "laba4-part2\laba4-part2.vcxproj", "{9C414FB6-7B9D-4E45-AD34-5EFCA5BBF435}"
EndProject
Global
	GlobalSection(SolutionConfigurationPlatforms) = preSolution
		Debug|x64 = Debug|x64
		Debug|x86 = Debug|x86
		Release|x64 = Release|x64
		Release|x86 = Release|x86
	EndGlobalSection
	GlobalSection(ProjectConfigurationPlatforms) = postSolution
		{9C414FB6-7B9D-4E45-AD34-5EFCA5BBF435}.Debug|x64.ActiveCfg = Debug|x64
		{9C414FB6-7B9D-4E45-AD34-5EFCA5BBF435}.Debug|x64.Build.0 = Debug|x64
		{9C414FB6-7B9D-4E45-AD34-5EFCA5BBF435}.Debug|x86.ActiveCfg = Debug|Win32
		{9C414FB6-7B9D-4E45-AD34-5EFCA5BBF435}.Debug|x86.Build.0 = Debug|Win32
		{9C414FB6-7B9D-4E45-AD34-5EFCA5BBF435}.Release|x64.ActiveCfg = Release|x64
		{9C414FB6-7B9D-4E45-AD34-5EFCA5BBF435}.Release|x64.Build.0 = Release|x64
		{9C414FB6-7B9D-4E45-AD34-5EFCA5BBF435}.Release|x86.ActiveCfg = Release|Win32
		{9C414FB6-7B9D-4E45-AD34-5EFCA5BBF435}.Release|x86.Build.0 = Release|Win32
	EndGlobalSection
	GlobalSection(SolutionProperties) = preSolution
		HideSolutionNode = FALSE
	EndGlobalSection
	GlobalSection(ExtensibilityGlobals) = postSolution
		SolutionGuid = {40846E86-212F-4B15-8594-E2B56ADC4112}
	EndGlobalSection
EndGlobal
